// !$*UTF8*$!
{
	archiveVersion = 1;
	classes = {
	};
	objectVersion = 56;
	objects = {

/* Begin PBXBuildFile section */
		9E36C98E2B7345A300C75E5E /* Extensions.swift in Sources */ = {isa = PBXBuildFile; fileRef = 9E36C98D2B7345A300C75E5E /* Extensions.swift */; };
		9E4082582B7A9E2100A89DA7 /* VCard.swift in Sources */ = {isa = PBXBuildFile; fileRef = 9E4082572B7A9E2100A89DA7 /* VCard.swift */; };
		9E40825C2B7A9E4200A89DA7 /* CourseSection.swift in Sources */ = {isa = PBXBuildFile; fileRef = 9E40825A2B7A9E4200A89DA7 /* CourseSection.swift */; };
		9E40825D2B7A9E4200A89DA7 /* Course.swift in Sources */ = {isa = PBXBuildFile; fileRef = 9E40825B2B7A9E4200A89DA7 /* Course.swift */; };
		9E40825F2B7AA6FB00A89DA7 /* HCard.swift in Sources */ = {isa = PBXBuildFile; fileRef = 9E40825E2B7AA6FB00A89DA7 /* HCard.swift */; };
		9E4082612B7AA70D00A89DA7 /* SideMenu.swift in Sources */ = {isa = PBXBuildFile; fileRef = 9E4082602B7AA70D00A89DA7 /* SideMenu.swift */; };
		9E4082652B7AAB1000A89DA7 /* HomeView.swift in Sources */ = {isa = PBXBuildFile; fileRef = 9E4082642B7AAB1000A89DA7 /* HomeView.swift */; };
		9E4564D42B6AAF56000B8CBE /* RiveAnimationsApp.swift in Sources */ = {isa = PBXBuildFile; fileRef = 9E4564D32B6AAF56000B8CBE /* RiveAnimationsApp.swift */; };
		9E4564D62B6AAF56000B8CBE /* ContentView.swift in Sources */ = {isa = PBXBuildFile; fileRef = 9E4564D52B6AAF56000B8CBE /* ContentView.swift */; };
		9E4564D82B6AAF59000B8CBE /* Assets.xcassets in Resources */ = {isa = PBXBuildFile; fileRef = 9E4564D72B6AAF59000B8CBE /* Assets.xcassets */; };
		9E4564DB2B6AAF59000B8CBE /* Preview Assets.xcassets in Resources */ = {isa = PBXBuildFile; fileRef = 9E4564DA2B6AAF59000B8CBE /* Preview Assets.xcassets */; };
		9E4564E92B6AB05D000B8CBE /* house.riv in Resources */ = {isa = PBXBuildFile; fileRef = 9E4564E22B6AB05C000B8CBE /* house.riv */; };
		9E4564EA2B6AB05D000B8CBE /* confetti.riv in Resources */ = {isa = PBXBuildFile; fileRef = 9E4564E32B6AB05C000B8CBE /* confetti.riv */; };
		9E4564EB2B6AB05D000B8CBE /* check.riv in Resources */ = {isa = PBXBuildFile; fileRef = 9E4564E42B6AB05C000B8CBE /* check.riv */; };
		9E4564EC2B6AB05D000B8CBE /* menu_button.riv in Resources */ = {isa = PBXBuildFile; fileRef = 9E4564E52B6AB05C000B8CBE /* menu_button.riv */; };
		9E4564ED2B6AB05D000B8CBE /* shapes.riv in Resources */ = {isa = PBXBuildFile; fileRef = 9E4564E62B6AB05C000B8CBE /* shapes.riv */; };
		9E4564EE2B6AB05D000B8CBE /* button.riv in Resources */ = {isa = PBXBuildFile; fileRef = 9E4564E72B6AB05C000B8CBE /* button.riv */; };
		9E4564EF2B6AB05D000B8CBE /* icons.riv in Resources */ = {isa = PBXBuildFile; fileRef = 9E4564E82B6AB05C000B8CBE /* icons.riv */; };
		9E4564F22B6AB15C000B8CBE /* RiveRuntime in Frameworks */ = {isa = PBXBuildFile; productRef = 9E4564F12B6AB15C000B8CBE /* RiveRuntime */; };
		9E4564F42B6AB17E000B8CBE /* OnboradingView.swift in Sources */ = {isa = PBXBuildFile; fileRef = 9E4564F32B6AB17E000B8CBE /* OnboradingView.swift */; };
		9E76A3B62B7146DE005CFD33 /* Inter-Regular.ttf in Resources */ = {isa = PBXBuildFile; fileRef = 9E76A3B32B7146DE005CFD33 /* Inter-Regular.ttf */; };
		9E76A3B72B7146DE005CFD33 /* Poppins-Bold.ttf in Resources */ = {isa = PBXBuildFile; fileRef = 9E76A3B42B7146DE005CFD33 /* Poppins-Bold.ttf */; };
		9E76A3B82B7146DE005CFD33 /* Inter-SemiBold.ttf in Resources */ = {isa = PBXBuildFile; fileRef = 9E76A3B52B7146DE005CFD33 /* Inter-SemiBold.ttf */; };
		9E76A3BB2B7147EF005CFD33 /* CustomFont.swift in Sources */ = {isa = PBXBuildFile; fileRef = 9E76A3BA2B7147EF005CFD33 /* CustomFont.swift */; };
		9E76A3BD2B714C12005CFD33 /* CutomTextField.swift in Sources */ = {isa = PBXBuildFile; fileRef = 9E76A3BC2B714C12005CFD33 /* CutomTextField.swift */; };
		9E76A3BF2B714C6B005CFD33 /* SignInView.swift in Sources */ = {isa = PBXBuildFile; fileRef = 9E76A3BE2B714C6B005CFD33 /* SignInView.swift */; };
		9EFBE9772B7A83380023031F /* TabBar.swift in Sources */ = {isa = PBXBuildFile; fileRef = 9EFBE9762B7A83380023031F /* TabBar.swift */; };
/* End PBXBuildFile section */

/* Begin PBXFileReference section */
		9E36C98D2B7345A300C75E5E /* Extensions.swift */ = {isa = PBXFileReference; lastKnownFileType = sourcecode.swift; path = Extensions.swift; sourceTree = "<group>"; };
		9E4082572B7A9E2100A89DA7 /* VCard.swift */ = {isa = PBXFileReference; lastKnownFileType = sourcecode.swift; path = VCard.swift; sourceTree = "<group>"; };
		9E40825A2B7A9E4200A89DA7 /* CourseSection.swift */ = {isa = PBXFileReference; fileEncoding = 4; lastKnownFileType = sourcecode.swift; path = CourseSection.swift; sourceTree = "<group>"; };
		9E40825B2B7A9E4200A89DA7 /* Course.swift */ = {isa = PBXFileReference; fileEncoding = 4; lastKnownFileType = sourcecode.swift; path = Course.swift; sourceTree = "<group>"; };
		9E40825E2B7AA6FB00A89DA7 /* HCard.swift */ = {isa = PBXFileReference; lastKnownFileType = sourcecode.swift; path = HCard.swift; sourceTree = "<group>"; };
		9E4082602B7AA70D00A89DA7 /* SideMenu.swift */ = {isa = PBXFileReference; lastKnownFileType = sourcecode.swift; path = SideMenu.swift; sourceTree = "<group>"; };
		9E4082642B7AAB1000A89DA7 /* HomeView.swift */ = {isa = PBXFileReference; lastKnownFileType = sourcecode.swift; path = HomeView.swift; sourceTree = "<group>"; };
		9E4564D02B6AAF56000B8CBE /* RiveAnimations.app */ = {isa = PBXFileReference; explicitFileType = wrapper.application; includeInIndex = 0; path = RiveAnimations.app; sourceTree = BUILT_PRODUCTS_DIR; };
		9E4564D32B6AAF56000B8CBE /* RiveAnimationsApp.swift */ = {isa = PBXFileReference; lastKnownFileType = sourcecode.swift; path = RiveAnimationsApp.swift; sourceTree = "<group>"; };
		9E4564D52B6AAF56000B8CBE /* ContentView.swift */ = {isa = PBXFileReference; lastKnownFileType = sourcecode.swift; path = ContentView.swift; sourceTree = "<group>"; };
		9E4564D72B6AAF59000B8CBE /* Assets.xcassets */ = {isa = PBXFileReference; lastKnownFileType = folder.assetcatalog; path = Assets.xcassets; sourceTree = "<group>"; };
		9E4564DA2B6AAF59000B8CBE /* Preview Assets.xcassets */ = {isa = PBXFileReference; lastKnownFileType = folder.assetcatalog; path = "Preview Assets.xcassets"; sourceTree = "<group>"; };
		9E4564E22B6AB05C000B8CBE /* house.riv */ = {isa = PBXFileReference; lastKnownFileType = file; path = house.riv; sourceTree = "<group>"; };
		9E4564E32B6AB05C000B8CBE /* confetti.riv */ = {isa = PBXFileReference; lastKnownFileType = file; path = confetti.riv; sourceTree = "<group>"; };
		9E4564E42B6AB05C000B8CBE /* check.riv */ = {isa = PBXFileReference; lastKnownFileType = file; path = check.riv; sourceTree = "<group>"; };
		9E4564E52B6AB05C000B8CBE /* menu_button.riv */ = {isa = PBXFileReference; lastKnownFileType = file; path = menu_button.riv; sourceTree = "<group>"; };
		9E4564E62B6AB05C000B8CBE /* shapes.riv */ = {isa = PBXFileReference; lastKnownFileType = file; path = shapes.riv; sourceTree = "<group>"; };
		9E4564E72B6AB05C000B8CBE /* button.riv */ = {isa = PBXFileReference; lastKnownFileType = file; path = button.riv; sourceTree = "<group>"; };
		9E4564E82B6AB05C000B8CBE /* icons.riv */ = {isa = PBXFileReference; lastKnownFileType = file; path = icons.riv; sourceTree = "<group>"; };
		9E4564F32B6AB17E000B8CBE /* OnboradingView.swift */ = {isa = PBXFileReference; lastKnownFileType = sourcecode.swift; path = OnboradingView.swift; sourceTree = "<group>"; };
		9E76A3B32B7146DE005CFD33 /* Inter-Regular.ttf */ = {isa = PBXFileReference; lastKnownFileType = file; path = "Inter-Regular.ttf"; sourceTree = "<group>"; };
		9E76A3B42B7146DE005CFD33 /* Poppins-Bold.ttf */ = {isa = PBXFileReference; lastKnownFileType = file; path = "Poppins-Bold.ttf"; sourceTree = "<group>"; };
		9E76A3B52B7146DE005CFD33 /* Inter-SemiBold.ttf */ = {isa = PBXFileReference; lastKnownFileType = file; path = "Inter-SemiBold.ttf"; sourceTree = "<group>"; };
		9E76A3B92B714744005CFD33 /* Info.plist */ = {isa = PBXFileReference; lastKnownFileType = text.plist; path = Info.plist; sourceTree = "<group>"; };
		9E76A3BA2B7147EF005CFD33 /* CustomFont.swift */ = {isa = PBXFileReference; lastKnownFileType = sourcecode.swift; path = CustomFont.swift; sourceTree = "<group>"; };
		9E76A3BC2B714C12005CFD33 /* CutomTextField.swift */ = {isa = PBXFileReference; lastKnownFileType = sourcecode.swift; path = CutomTextField.swift; sourceTree = "<group>"; };
		9E76A3BE2B714C6B005CFD33 /* SignInView.swift */ = {isa = PBXFileReference; lastKnownFileType = sourcecode.swift; path = SignInView.swift; sourceTree = "<group>"; };
		9EFBE9762B7A83380023031F /* TabBar.swift */ = {isa = PBXFileReference; lastKnownFileType = sourcecode.swift; path = TabBar.swift; sourceTree = "<group>"; };
/* End PBXFileReference section */

/* Begin PBXFrameworksBuildPhase section */
		9E4564CD2B6AAF56000B8CBE /* Frameworks */ = {
			isa = PBXFrameworksBuildPhase;
			buildActionMask = 2147483647;
			files = (
				9E4564F22B6AB15C000B8CBE /* RiveRuntime in Frameworks */,
			);
			runOnlyForDeploymentPostprocessing = 0;
		};
/* End PBXFrameworksBuildPhase section */

/* Begin PBXGroup section */
		9E4082592B7A9E4200A89DA7 /* Model */ = {
			isa = PBXGroup;
			children = (
				9E40825A2B7A9E4200A89DA7 /* CourseSection.swift */,
				9E40825B2B7A9E4200A89DA7 /* Course.swift */,
			);
			path = Model;
			sourceTree = "<group>";
		};
		9E4082662B7AB7CA00A89DA7 /* Navigation */ = {
			isa = PBXGroup;
			children = (
				9E4564D52B6AAF56000B8CBE /* ContentView.swift */,
				9EFBE9762B7A83380023031F /* TabBar.swift */,
				9E4082602B7AA70D00A89DA7 /* SideMenu.swift */,
			);
			path = Navigation;
			sourceTree = "<group>";
		};
		9E4082672B7AB81C00A89DA7 /* Components */ = {
			isa = PBXGroup;
			children = (
				9E4082572B7A9E2100A89DA7 /* VCard.swift */,
				9E40825E2B7AA6FB00A89DA7 /* HCard.swift */,
			);
			path = Components;
			sourceTree = "<group>";
		};
		9E4564C72B6AAF56000B8CBE = {
			isa = PBXGroup;
			children = (
				9E4564D22B6AAF56000B8CBE /* RiveAnimations */,
				9E4564D12B6AAF56000B8CBE /* Products */,
			);
			sourceTree = "<group>";
		};
		9E4564D12B6AAF56000B8CBE /* Products */ = {
			isa = PBXGroup;
			children = (
				9E4564D02B6AAF56000B8CBE /* RiveAnimations.app */,
			);
			name = Products;
			sourceTree = "<group>";
		};
		9E4564D22B6AAF56000B8CBE /* RiveAnimations */ = {
			isa = PBXGroup;
			children = (
				9E76A3B92B714744005CFD33 /* Info.plist */,
				9E4564D32B6AAF56000B8CBE /* RiveAnimationsApp.swift */,
				9E4082662B7AB7CA00A89DA7 /* Navigation */,
				9E4082672B7AB81C00A89DA7 /* Components */,
				9EFBE9742B7A782E0023031F /* Views */,
				9EFBE9752B7A783E0023031F /* Styles */,
				9E4564D72B6AAF59000B8CBE /* Assets.xcassets */,
				9E4082592B7A9E4200A89DA7 /* Model */,
				9E76A3B22B7146DE005CFD33 /* Fonts */,
				9E4564E12B6AB05C000B8CBE /* RiveAssets */,
				9E4564D92B6AAF59000B8CBE /* Preview Content */,
			);
			path = RiveAnimations;
			sourceTree = "<group>";
		};
		9E4564D92B6AAF59000B8CBE /* Preview Content */ = {
			isa = PBXGroup;
			children = (
				9E4564DA2B6AAF59000B8CBE /* Preview Assets.xcassets */,
			);
			path = "Preview Content";
			sourceTree = "<group>";
		};
		9E4564E12B6AB05C000B8CBE /* RiveAssets */ = {
			isa = PBXGroup;
			children = (
				9E4564E22B6AB05C000B8CBE /* house.riv */,
				9E4564E32B6AB05C000B8CBE /* confetti.riv */,
				9E4564E42B6AB05C000B8CBE /* check.riv */,
				9E4564E52B6AB05C000B8CBE /* menu_button.riv */,
				9E4564E62B6AB05C000B8CBE /* shapes.riv */,
				9E4564E72B6AB05C000B8CBE /* button.riv */,
				9E4564E82B6AB05C000B8CBE /* icons.riv */,
			);
			path = RiveAssets;
			sourceTree = "<group>";
		};
		9E76A3B22B7146DE005CFD33 /* Fonts */ = {
			isa = PBXGroup;
			children = (
				9E76A3B32B7146DE005CFD33 /* Inter-Regular.ttf */,
				9E76A3B42B7146DE005CFD33 /* Poppins-Bold.ttf */,
				9E76A3B52B7146DE005CFD33 /* Inter-SemiBold.ttf */,
			);
			path = Fonts;
			sourceTree = "<group>";
		};
		9EFBE9742B7A782E0023031F /* Views */ = {
			isa = PBXGroup;
			children = (
				9E4082642B7AAB1000A89DA7 /* HomeView.swift */,
				9E4564F32B6AB17E000B8CBE /* OnboradingView.swift */,
				9E76A3BE2B714C6B005CFD33 /* SignInView.swift */,
			);
			path = Views;
			sourceTree = "<group>";
		};
		9EFBE9752B7A783E0023031F /* Styles */ = {
			isa = PBXGroup;
			children = (
				9E36C98D2B7345A300C75E5E /* Extensions.swift */,
				9E76A3BC2B714C12005CFD33 /* CutomTextField.swift */,
				9E76A3BA2B7147EF005CFD33 /* CustomFont.swift */,
			);
			path = Styles;
			sourceTree = "<group>";
		};
/* End PBXGroup section */

/* Begin PBXNativeTarget section */
		9E4564CF2B6AAF56000B8CBE /* RiveAnimations */ = {
			isa = PBXNativeTarget;
			buildConfigurationList = 9E4564DE2B6AAF59000B8CBE /* Build configuration list for PBXNativeTarget "RiveAnimations" */;
			buildPhases = (
				9E4564CC2B6AAF56000B8CBE /* Sources */,
				9E4564CD2B6AAF56000B8CBE /* Frameworks */,
				9E4564CE2B6AAF56000B8CBE /* Resources */,
			);
			buildRules = (
			);
			dependencies = (
			);
			name = RiveAnimations;
			packageProductDependencies = (
				9E4564F12B6AB15C000B8CBE /* RiveRuntime */,
			);
			productName = RiveAnimations;
			productReference = 9E4564D02B6AAF56000B8CBE /* RiveAnimations.app */;
			productType = "com.apple.product-type.application";
		};
/* End PBXNativeTarget section */

/* Begin PBXProject section */
		9E4564C82B6AAF56000B8CBE /* Project object */ = {
			isa = PBXProject;
			attributes = {
				BuildIndependentTargetsInParallel = 1;
				LastSwiftUpdateCheck = 1520;
				LastUpgradeCheck = 1520;
				TargetAttributes = {
					9E4564CF2B6AAF56000B8CBE = {
						CreatedOnToolsVersion = 15.2;
					};
				};
			};
			buildConfigurationList = 9E4564CB2B6AAF56000B8CBE /* Build configuration list for PBXProject "RiveAnimations" */;
			compatibilityVersion = "Xcode 14.0";
			developmentRegion = en;
			hasScannedForEncodings = 0;
			knownRegions = (
				en,
				Base,
			);
			mainGroup = 9E4564C72B6AAF56000B8CBE;
			packageReferences = (
				9E4564F02B6AB15C000B8CBE /* XCRemoteSwiftPackageReference "rive-ios" */,
			);
			productRefGroup = 9E4564D12B6AAF56000B8CBE /* Products */;
			projectDirPath = "";
			projectRoot = "";
			targets = (
				9E4564CF2B6AAF56000B8CBE /* RiveAnimations */,
			);
		};
/* End PBXProject section */

/* Begin PBXResourcesBuildPhase section */
		9E4564CE2B6AAF56000B8CBE /* Resources */ = {
			isa = PBXResourcesBuildPhase;
			buildActionMask = 2147483647;
			files = (
				9E76A3B82B7146DE005CFD33 /* Inter-SemiBold.ttf in Resources */,
				9E4564ED2B6AB05D000B8CBE /* shapes.riv in Resources */,
				9E4564EB2B6AB05D000B8CBE /* check.riv in Resources */,
				9E4564DB2B6AAF59000B8CBE /* Preview Assets.xcassets in Resources */,
				9E4564EC2B6AB05D000B8CBE /* menu_button.riv in Resources */,
				9E4564E92B6AB05D000B8CBE /* house.riv in Resources */,
				9E4564EE2B6AB05D000B8CBE /* button.riv in Resources */,
				9E76A3B62B7146DE005CFD33 /* Inter-Regular.ttf in Resources */,
				9E76A3B72B7146DE005CFD33 /* Poppins-Bold.ttf in Resources */,
				9E4564D82B6AAF59000B8CBE /* Assets.xcassets in Resources */,
				9E4564EA2B6AB05D000B8CBE /* confetti.riv in Resources */,
				9E4564EF2B6AB05D000B8CBE /* icons.riv in Resources */,
			);
			runOnlyForDeploymentPostprocessing = 0;
		};
/* End PBXResourcesBuildPhase section */

/* Begin PBXSourcesBuildPhase section */
		9E4564CC2B6AAF56000B8CBE /* Sources */ = {
			isa = PBXSourcesBuildPhase;
			buildActionMask = 2147483647;
			files = (
				9E40825F2B7AA6FB00A89DA7 /* HCard.swift in Sources */,
				9E4082582B7A9E2100A89DA7 /* VCard.swift in Sources */,
				9E4082652B7AAB1000A89DA7 /* HomeView.swift in Sources */,
				9E40825D2B7A9E4200A89DA7 /* Course.swift in Sources */,
				9E76A3BF2B714C6B005CFD33 /* SignInView.swift in Sources */,
				9E4564D62B6AAF56000B8CBE /* ContentView.swift in Sources */,
				9E76A3BB2B7147EF005CFD33 /* CustomFont.swift in Sources */,
				9E40825C2B7A9E4200A89DA7 /* CourseSection.swift in Sources */,
				9EFBE9772B7A83380023031F /* TabBar.swift in Sources */,
				9E4082612B7AA70D00A89DA7 /* SideMenu.swift in Sources */,
				9E4564D42B6AAF56000B8CBE /* RiveAnimationsApp.swift in Sources */,
				9E76A3BD2B714C12005CFD33 /* CutomTextField.swift in Sources */,
				9E4564F42B6AB17E000B8CBE /* OnboradingView.swift in Sources */,
				9E36C98E2B7345A300C75E5E /* Extensions.swift in Sources */,
			);
			runOnlyForDeploymentPostprocessing = 0;
		};
/* End PBXSourcesBuildPhase section */

/* Begin XCBuildConfiguration section */
		9E4564DC2B6AAF59000B8CBE /* Debug */ = {
			isa = XCBuildConfiguration;
			buildSettings = {
				ALWAYS_SEARCH_USER_PATHS = NO;
				ASSETCATALOG_COMPILER_GENERATE_SWIFT_ASSET_SYMBOL_EXTENSIONS = YES;
				CLANG_ANALYZER_NONNULL = YES;
				CLANG_ANALYZER_NUMBER_OBJECT_CONVERSION = YES_AGGRESSIVE;
				CLANG_CXX_LANGUAGE_STANDARD = "gnu++20";
				CLANG_ENABLE_MODULES = YES;
				CLANG_ENABLE_OBJC_ARC = YES;
				CLANG_ENABLE_OBJC_WEAK = YES;
				CLANG_WARN_BLOCK_CAPTURE_AUTORELEASING = YES;
				CLANG_WARN_BOOL_CONVERSION = YES;
				CLANG_WARN_COMMA = YES;
				CLANG_WARN_CONSTANT_CONVERSION = YES;
				CLANG_WARN_DEPRECATED_OBJC_IMPLEMENTATIONS = YES;
				CLANG_WARN_DIRECT_OBJC_ISA_USAGE = YES_ERROR;
				CLANG_WARN_DOCUMENTATION_COMMENTS = YES;
				CLANG_WARN_EMPTY_BODY = YES;
				CLANG_WARN_ENUM_CONVERSION = YES;
				CLANG_WARN_INFINITE_RECURSION = YES;
				CLANG_WARN_INT_CONVERSION = YES;
				CLANG_WARN_NON_LITERAL_NULL_CONVERSION = YES;
				CLANG_WARN_OBJC_IMPLICIT_RETAIN_SELF = YES;
				CLANG_WARN_OBJC_LITERAL_CONVERSION = YES;
				CLANG_WARN_OBJC_ROOT_CLASS = YES_ERROR;
				CLANG_WARN_QUOTED_INCLUDE_IN_FRAMEWORK_HEADER = YES;
				CLANG_WARN_RANGE_LOOP_ANALYSIS = YES;
				CLANG_WARN_STRICT_PROTOTYPES = YES;
				CLANG_WARN_SUSPICIOUS_MOVE = YES;
				CLANG_WARN_UNGUARDED_AVAILABILITY = YES_AGGRESSIVE;
				CLANG_WARN_UNREACHABLE_CODE = YES;
				CLANG_WARN__DUPLICATE_METHOD_MATCH = YES;
				COPY_PHASE_STRIP = NO;
				DEBUG_INFORMATION_FORMAT = dwarf;
				ENABLE_STRICT_OBJC_MSGSEND = YES;
				ENABLE_TESTABILITY = YES;
				ENABLE_USER_SCRIPT_SANDBOXING = YES;
				GCC_C_LANGUAGE_STANDARD = gnu17;
				GCC_DYNAMIC_NO_PIC = NO;
				GCC_NO_COMMON_BLOCKS = YES;
				GCC_OPTIMIZATION_LEVEL = 0;
				GCC_PREPROCESSOR_DEFINITIONS = (
					"DEBUG=1",
					"$(inherited)",
				);
				GCC_WARN_64_TO_32_BIT_CONVERSION = YES;
				GCC_WARN_ABOUT_RETURN_TYPE = YES_ERROR;
				GCC_WARN_UNDECLARED_SELECTOR = YES;
				GCC_WARN_UNINITIALIZED_AUTOS = YES_AGGRESSIVE;
				GCC_WARN_UNUSED_FUNCTION = YES;
				GCC_WARN_UNUSED_VARIABLE = YES;
				IPHONEOS_DEPLOYMENT_TARGET = 17.2;
				LOCALIZATION_PREFERS_STRING_CATALOGS = YES;
				MTL_ENABLE_DEBUG_INFO = INCLUDE_SOURCE;
				MTL_FAST_MATH = YES;
				ONLY_ACTIVE_ARCH = YES;
				SDKROOT = iphoneos;
				SWIFT_ACTIVE_COMPILATION_CONDITIONS = "DEBUG $(inherited)";
				SWIFT_OPTIMIZATION_LEVEL = "-Onone";
			};
			name = Debug;
		};
		9E4564DD2B6AAF59000B8CBE /* Release */ = {
			isa = XCBuildConfiguration;
			buildSettings = {
				ALWAYS_SEARCH_USER_PATHS = NO;
				ASSETCATALOG_COMPILER_GENERATE_SWIFT_ASSET_SYMBOL_EXTENSIONS = YES;
				CLANG_ANALYZER_NONNULL = YES;
				CLANG_ANALYZER_NUMBER_OBJECT_CONVERSION = YES_AGGRESSIVE;
				CLANG_CXX_LANGUAGE_STANDARD = "gnu++20";
				CLANG_ENABLE_MODULES = YES;
				CLANG_ENABLE_OBJC_ARC = YES;
				CLANG_ENABLE_OBJC_WEAK = YES;
				CLANG_WARN_BLOCK_CAPTURE_AUTORELEASING = YES;
				CLANG_WARN_BOOL_CONVERSION = YES;
				CLANG_WARN_COMMA = YES;
				CLANG_WARN_CONSTANT_CONVERSION = YES;
				CLANG_WARN_DEPRECATED_OBJC_IMPLEMENTATIONS = YES;
				CLANG_WARN_DIRECT_OBJC_ISA_USAGE = YES_ERROR;
				CLANG_WARN_DOCUMENTATION_COMMENTS = YES;
				CLANG_WARN_EMPTY_BODY = YES;
				CLANG_WARN_ENUM_CONVERSION = YES;
				CLANG_WARN_INFINITE_RECURSION = YES;
				CLANG_WARN_INT_CONVERSION = YES;
				CLANG_WARN_NON_LITERAL_NULL_CONVERSION = YES;
				CLANG_WARN_OBJC_IMPLICIT_RETAIN_SELF = YES;
				CLANG_WARN_OBJC_LITERAL_CONVERSION = YES;
				CLANG_WARN_OBJC_ROOT_CLASS = YES_ERROR;
				CLANG_WARN_QUOTED_INCLUDE_IN_FRAMEWORK_HEADER = YES;
				CLANG_WARN_RANGE_LOOP_ANALYSIS = YES;
				CLANG_WARN_STRICT_PROTOTYPES = YES;
				CLANG_WARN_SUSPICIOUS_MOVE = YES;
				CLANG_WARN_UNGUARDED_AVAILABILITY = YES_AGGRESSIVE;
				CLANG_WARN_UNREACHABLE_CODE = YES;
				CLANG_WARN__DUPLICATE_METHOD_MATCH = YES;
				COPY_PHASE_STRIP = NO;
				DEBUG_INFORMATION_FORMAT = "dwarf-with-dsym";
				ENABLE_NS_ASSERTIONS = NO;
				ENABLE_STRICT_OBJC_MSGSEND = YES;
				ENABLE_USER_SCRIPT_SANDBOXING = YES;
				GCC_C_LANGUAGE_STANDARD = gnu17;
				GCC_NO_COMMON_BLOCKS = YES;
				GCC_WARN_64_TO_32_BIT_CONVERSION = YES;
				GCC_WARN_ABOUT_RETURN_TYPE = YES_ERROR;
				GCC_WARN_UNDECLARED_SELECTOR = YES;
				GCC_WARN_UNINITIALIZED_AUTOS = YES_AGGRESSIVE;
				GCC_WARN_UNUSED_FUNCTION = YES;
				GCC_WARN_UNUSED_VARIABLE = YES;
				IPHONEOS_DEPLOYMENT_TARGET = 17.2;
				LOCALIZATION_PREFERS_STRING_CATALOGS = YES;
				MTL_ENABLE_DEBUG_INFO = NO;
				MTL_FAST_MATH = YES;
				SDKROOT = iphoneos;
				SWIFT_COMPILATION_MODE = wholemodule;
				VALIDATE_PRODUCT = YES;
			};
			name = Release;
		};
		9E4564DF2B6AAF59000B8CBE /* Debug */ = {
			isa = XCBuildConfiguration;
			buildSettings = {
				ASSETCATALOG_COMPILER_APPICON_NAME = AppIcon;
				ASSETCATALOG_COMPILER_GLOBAL_ACCENT_COLOR_NAME = AccentColor;
				CODE_SIGN_STYLE = Automatic;
				CURRENT_PROJECT_VERSION = 1;
				DEVELOPMENT_ASSET_PATHS = "\"RiveAnimations/Preview Content\"";
				DEVELOPMENT_TEAM = C6E94YDVFW;
				ENABLE_PREVIEWS = YES;
				GENERATE_INFOPLIST_FILE = YES;
				INFOPLIST_FILE = RiveAnimations/Info.plist;
				INFOPLIST_KEY_UIApplicationSceneManifest_Generation = YES;
				INFOPLIST_KEY_UIApplicationSupportsIndirectInputEvents = YES;
				INFOPLIST_KEY_UILaunchScreen_Generation = YES;
				INFOPLIST_KEY_UISupportedInterfaceOrientations_iPad = "UIInterfaceOrientationPortrait UIInterfaceOrientationPortraitUpsideDown UIInterfaceOrientationLandscapeLeft UIInterfaceOrientationLandscapeRight";
				INFOPLIST_KEY_UISupportedInterfaceOrientations_iPhone = "UIInterfaceOrientationPortrait UIInterfaceOrientationLandscapeLeft UIInterfaceOrientationLandscapeRight";
				LD_RUNPATH_SEARCH_PATHS = (
					"$(inherited)",
					"@executable_path/Frameworks",
				);
				MARKETING_VERSION = 1.0;
				PRODUCT_BUNDLE_IDENTIFIER = com.mobigaurav.vedicmantras.RiveAnimations;
				PRODUCT_NAME = "$(TARGET_NAME)";
				SWIFT_EMIT_LOC_STRINGS = YES;
				SWIFT_VERSION = 5.0;
				TARGETED_DEVICE_FAMILY = "1,2";
			};
			name = Debug;
		};
		9E4564E02B6AAF59000B8CBE /* Release */ = {
			isa = XCBuildConfiguration;
			buildSettings = {
				ASSETCATALOG_COMPILER_APPICON_NAME = AppIcon;
				ASSETCATALOG_COMPILER_GLOBAL_ACCENT_COLOR_NAME = AccentColor;
				CODE_SIGN_STYLE = Automatic;
				CURRENT_PROJECT_VERSION = 1;
				DEVELOPMENT_ASSET_PATHS = "\"RiveAnimations/Preview Content\"";
				DEVELOPMENT_TEAM = C6E94YDVFW;
				ENABLE_PREVIEWS = YES;
				GENERATE_INFOPLIST_FILE = YES;
				INFOPLIST_FILE = RiveAnimations/Info.plist;
				INFOPLIST_KEY_UIApplicationSceneManifest_Generation = YES;
				INFOPLIST_KEY_UIApplicationSupportsIndirectInputEvents = YES;
				INFOPLIST_KEY_UILaunchScreen_Generation = YES;
				INFOPLIST_KEY_UISupportedInterfaceOrientations_iPad = "UIInterfaceOrientationPortrait UIInterfaceOrientationPortraitUpsideDown UIInterfaceOrientationLandscapeLeft UIInterfaceOrientationLandscapeRight";
				INFOPLIST_KEY_UISupportedInterfaceOrientations_iPhone = "UIInterfaceOrientationPortrait UIInterfaceOrientationLandscapeLeft UIInterfaceOrientationLandscapeRight";
				LD_RUNPATH_SEARCH_PATHS = (
					"$(inherited)",
					"@executable_path/Frameworks",
				);
				MARKETING_VERSION = 1.0;
				PRODUCT_BUNDLE_IDENTIFIER = com.mobigaurav.vedicmantras.RiveAnimations;
				PRODUCT_NAME = "$(TARGET_NAME)";
				SWIFT_EMIT_LOC_STRINGS = YES;
				SWIFT_VERSION = 5.0;
				TARGETED_DEVICE_FAMILY = "1,2";
			};
			name = Release;
		};
/* End XCBuildConfiguration section */

/* Begin XCConfigurationList section */
		9E4564CB2B6AAF56000B8CBE /* Build configuration list for PBXProject "RiveAnimations" */ = {
			isa = XCConfigurationList;
			buildConfigurations = (
				9E4564DC2B6AAF59000B8CBE /* Debug */,
				9E4564DD2B6AAF59000B8CBE /* Release */,
			);
			defaultConfigurationIsVisible = 0;
			defaultConfigurationName = Release;
		};
		9E4564DE2B6AAF59000B8CBE /* Build configuration list for PBXNativeTarget "RiveAnimations" */ = {
			isa = XCConfigurationList;
			buildConfigurations = (
				9E4564DF2B6AAF59000B8CBE /* Debug */,
				9E4564E02B6AAF59000B8CBE /* Release */,
			);
			defaultConfigurationIsVisible = 0;
			defaultConfigurationName = Release;
		};
/* End XCConfigurationList section */

/* Begin XCRemoteSwiftPackageReference section */
		9E4564F02B6AB15C000B8CBE /* XCRemoteSwiftPackageReference "rive-ios" */ = {
			isa = XCRemoteSwiftPackageReference;
			repositoryURL = "https://github.com/rive-app/rive-ios";
			requirement = {
				kind = upToNextMajorVersion;
				minimumVersion = 5.7.1;
			};
		};
/* End XCRemoteSwiftPackageReference section */

/* Begin XCSwiftPackageProductDependency section */
		9E4564F12B6AB15C000B8CBE /* RiveRuntime */ = {
			isa = XCSwiftPackageProductDependency;
			package = 9E4564F02B6AB15C000B8CBE /* XCRemoteSwiftPackageReference "rive-ios" */;
			productName = RiveRuntime;
		};
/* End XCSwiftPackageProductDependency section */
	};
	rootObject = 9E4564C82B6AAF56000B8CBE /* Project object */;
}
